
Microsoft Visual Studio Solution File, Format Version 12.00
# Visual Studio Version 16
VisualStudioVersion = 16.0.31911.196
MinimumVisualStudioVersion = 10.0.40219.1
Project("{FAE04EC0-301F-11D3-BF4B-00C04F79EFBC}") = "Task1", "Task1\Task1.csproj", "{0CB742CA-6215-44AD-9BE4-F53EE712583B}"
EndProject
Project("{FAE04EC0-301F-11D3-BF4B-00C04F79EFBC}") = "Task2", "Task2\Task2.csproj", "{0438B27B-A27D-4DF3-BB57-112885E087D0}"
EndProject
Global
	GlobalSection(SolutionConfigurationPlatforms) = preSolution
		Debug|Any CPU = Debug|Any CPU
		Release|Any CPU = Release|Any CPU
	EndGlobalSection
	GlobalSection(ProjectConfigurationPlatforms) = postSolution
		{0CB742CA-6215-44AD-9BE4-F53EE712583B}.Debug|Any CPU.ActiveCfg = Debug|Any CPU
		{0CB742CA-6215-44AD-9BE4-F53EE712583B}.Debug|Any CPU.Build.0 = Debug|Any CPU
		{0CB742CA-6215-44AD-9BE4-F53EE712583B}.Release|Any CPU.ActiveCfg = Release|Any CPU
		{0CB742CA-6215-44AD-9BE4-F53EE712583B}.Release|Any CPU.Build.0 = Release|Any CPU
		{0438B27B-A27D-4DF3-BB57-112885E087D0}.Debug|Any CPU.ActiveCfg = Debug|Any CPU
		{0438B27B-A27D-4DF3-BB57-112885E087D0}.Debug|Any CPU.Build.0 = Debug|Any CPU
		{0438B27B-A27D-4DF3-BB57-112885E087D0}.Release|Any CPU.ActiveCfg = Release|Any CPU
		{0438B27B-A27D-4DF3-BB57-112885E087D0}.Release|Any CPU.Build.0 = Release|Any CPU
	EndGlobalSection
	GlobalSection(SolutionProperties) = preSolution
		HideSolutionNode = FALSE
	EndGlobalSection
	GlobalSection(ExtensibilityGlobals) = postSolution
		SolutionGuid = {3DDEEB78-1C54-4C9A-8D1E-E53F8B460A34}
	EndGlobalSection
EndGlobal
